
Microsoft Visual Studio Solution File, Format Version 12.00
# Visual Studio Version 16
VisualStudioVersion = 16.0.29613.14
MinimumVisualStudioVersion = 10.0.40219.1
Project("{FAE04EC0-301F-11D3-BF4B-00C04F79EFBC}") = "OneTimePassword", "OneTimePassword\OneTimePassword.csproj", "{19213B08-1061-4D86-A52A-A9F60656E43C}"
EndProject
Project("{FAE04EC0-301F-11D3-BF4B-00C04F79EFBC}") = "Tests.Unit", "Tests.Unit\Tests.Unit.csproj", "{34E89715-D783-4148-9274-03FEB8546A7D}"
EndProject
Global
	GlobalSection(SolutionConfigurationPlatforms) = preSolution
		Debug|Any CPU = Debug|Any CPU
		Release|Any CPU = Release|Any CPU
	EndGlobalSection
	GlobalSection(ProjectConfigurationPlatforms) = postSolution
		{19213B08-1061-4D86-A52A-A9F60656E43C}.Debug|Any CPU.ActiveCfg = Debug|Any CPU
		{19213B08-1061-4D86-A52A-A9F60656E43C}.Debug|Any CPU.Build.0 = Debug|Any CPU
		{19213B08-1061-4D86-A52A-A9F60656E43C}.Release|Any CPU.ActiveCfg = Release|Any CPU
		{19213B08-1061-4D86-A52A-A9F60656E43C}.Release|Any CPU.Build.0 = Release|Any CPU
		{34E89715-D783-4148-9274-03FEB8546A7D}.Debug|Any CPU.ActiveCfg = Debug|Any CPU
		{34E89715-D783-4148-9274-03FEB8546A7D}.Debug|Any CPU.Build.0 = Debug|Any CPU
		{34E89715-D783-4148-9274-03FEB8546A7D}.Release|Any CPU.ActiveCfg = Release|Any CPU
		{34E89715-D783-4148-9274-03FEB8546A7D}.Release|Any CPU.Build.0 = Release|Any CPU
	EndGlobalSection
	GlobalSection(SolutionProperties) = preSolution
		HideSolutionNode = FALSE
	EndGlobalSection
	GlobalSection(ExtensibilityGlobals) = postSolution
		SolutionGuid = {1EEEA728-98E9-4558-BE5E-07315CA54823}
	EndGlobalSection
EndGlobal
